
Microsoft Visual Studio Solution File, Format Version 12.00
# Visual Studio 15
Project("{FAE04EC0-301F-11D3-BF4B-00C04F79EFBC}") = "Flashcard.Android", "Flashcard.Android\Flashcard.Android.csproj", "{8DB6E05C-6214-445D-84F7-4D8472C24B10}"
EndProject
Project("{FAE04EC0-301F-11D3-BF4B-00C04F79EFBC}") = "Flashcard.iOS", "Flashcard.iOS\Flashcard.iOS.csproj", "{53134F87-5B1D-46A7-9E9B-17D0A9A3405B}"
EndProject
Project("{FAE04EC0-301F-11D3-BF4B-00C04F79EFBC}") = "Flashcard", "Flashcard\Flashcard.csproj", "{1A9C4BB1-2B83-45A9-82D6-5BA964E63046}"
EndProject
Global
	GlobalSection(SolutionConfigurationPlatforms) = preSolution
		Debug|Any CPU = Debug|Any CPU
		Release|Any CPU = Release|Any CPU
		Debug|iPhoneSimulator = Debug|iPhoneSimulator
		Release|iPhoneSimulator = Release|iPhoneSimulator
		Debug|iPhone = Debug|iPhone
		Release|iPhone = Release|iPhone
	EndGlobalSection
	GlobalSection(ProjectConfigurationPlatforms) = postSolution
		{8DB6E05C-6214-445D-84F7-4D8472C24B10}.Debug|Any CPU.ActiveCfg = Debug|Any CPU
		{8DB6E05C-6214-445D-84F7-4D8472C24B10}.Debug|Any CPU.Build.0 = Debug|Any CPU
		{8DB6E05C-6214-445D-84F7-4D8472C24B10}.Release|Any CPU.ActiveCfg = Release|Any CPU
		{8DB6E05C-6214-445D-84F7-4D8472C24B10}.Release|Any CPU.Build.0 = Release|Any CPU
		{8DB6E05C-6214-445D-84F7-4D8472C24B10}.Debug|iPhoneSimulator.ActiveCfg = Debug|Any CPU
		{8DB6E05C-6214-445D-84F7-4D8472C24B10}.Debug|iPhoneSimulator.Build.0 = Debug|Any CPU
		{8DB6E05C-6214-445D-84F7-4D8472C24B10}.Release|iPhoneSimulator.ActiveCfg = Release|Any CPU
		{8DB6E05C-6214-445D-84F7-4D8472C24B10}.Release|iPhoneSimulator.Build.0 = Release|Any CPU
		{8DB6E05C-6214-445D-84F7-4D8472C24B10}.Debug|iPhone.ActiveCfg = Debug|Any CPU
		{8DB6E05C-6214-445D-84F7-4D8472C24B10}.Debug|iPhone.Build.0 = Debug|Any CPU
		{8DB6E05C-6214-445D-84F7-4D8472C24B10}.Release|iPhone.ActiveCfg = Release|Any CPU
		{8DB6E05C-6214-445D-84F7-4D8472C24B10}.Release|iPhone.Build.0 = Release|Any CPU
		{53134F87-5B1D-46A7-9E9B-17D0A9A3405B}.Debug|Any CPU.ActiveCfg = Debug|iPhoneSimulator
		{53134F87-5B1D-46A7-9E9B-17D0A9A3405B}.Debug|Any CPU.Build.0 = Debug|iPhoneSimulator
		{53134F87-5B1D-46A7-9E9B-17D0A9A3405B}.Release|Any CPU.ActiveCfg = Release|iPhoneSimulator
		{53134F87-5B1D-46A7-9E9B-17D0A9A3405B}.Release|Any CPU.Build.0 = Release|iPhoneSimulator
		{53134F87-5B1D-46A7-9E9B-17D0A9A3405B}.Debug|iPhoneSimulator.ActiveCfg = Debug|iPhoneSimulator
		{53134F87-5B1D-46A7-9E9B-17D0A9A3405B}.Debug|iPhoneSimulator.Build.0 = Debug|iPhoneSimulator
		{53134F87-5B1D-46A7-9E9B-17D0A9A3405B}.Release|iPhoneSimulator.ActiveCfg = Release|iPhoneSimulator
		{53134F87-5B1D-46A7-9E9B-17D0A9A3405B}.Release|iPhoneSimulator.Build.0 = Release|iPhoneSimulator
		{53134F87-5B1D-46A7-9E9B-17D0A9A3405B}.Debug|iPhone.ActiveCfg = Debug|iPhone
		{53134F87-5B1D-46A7-9E9B-17D0A9A3405B}.Debug|iPhone.Build.0 = Debug|iPhone
		{53134F87-5B1D-46A7-9E9B-17D0A9A3405B}.Release|iPhone.ActiveCfg = Release|iPhone
		{53134F87-5B1D-46A7-9E9B-17D0A9A3405B}.Release|iPhone.Build.0 = Release|iPhone
		{1A9C4BB1-2B83-45A9-82D6-5BA964E63046}.Debug|Any CPU.ActiveCfg = Debug|Any CPU
		{1A9C4BB1-2B83-45A9-82D6-5BA964E63046}.Debug|Any CPU.Build.0 = Debug|Any CPU
		{1A9C4BB1-2B83-45A9-82D6-5BA964E63046}.Release|Any CPU.ActiveCfg = Release|Any CPU
		{1A9C4BB1-2B83-45A9-82D6-5BA964E63046}.Release|Any CPU.Build.0 = Release|Any CPU
		{1A9C4BB1-2B83-45A9-82D6-5BA964E63046}.Debug|iPhoneSimulator.ActiveCfg = Debug|Any CPU
		{1A9C4BB1-2B83-45A9-82D6-5BA964E63046}.Debug|iPhoneSimulator.Build.0 = Debug|Any CPU
		{1A9C4BB1-2B83-45A9-82D6-5BA964E63046}.Release|iPhoneSimulator.ActiveCfg = Release|Any CPU
		{1A9C4BB1-2B83-45A9-82D6-5BA964E63046}.Release|iPhoneSimulator.Build.0 = Release|Any CPU
		{1A9C4BB1-2B83-45A9-82D6-5BA964E63046}.Debug|iPhone.ActiveCfg = Debug|Any CPU
		{1A9C4BB1-2B83-45A9-82D6-5BA964E63046}.Debug|iPhone.Build.0 = Debug|Any CPU
		{1A9C4BB1-2B83-45A9-82D6-5BA964E63046}.Release|iPhone.ActiveCfg = Release|Any CPU
		{1A9C4BB1-2B83-45A9-82D6-5BA964E63046}.Release|iPhone.Build.0 = Release|Any CPU
	EndGlobalSection
EndGlobal
